
Microsoft Visual Studio Solution File, Format Version 12.00
# Visual Studio Version 17
VisualStudioVersion = 17.4.33213.308
MinimumVisualStudioVersion = 10.0.40219.1
Project("{9A19103F-16F7-4668-BE54-9A1E7A4F7556}") = "Diplom", "Kursovaya\Diplom.csproj", "{B75D56A6-AB66-42D6-B913-1A53A9B59FA2}"
EndProject
Global
	GlobalSection(SolutionConfigurationPlatforms) = preSolution
		Debug|Any CPU = Debug|Any CPU
		Release|Any CPU = Release|Any CPU
	EndGlobalSection
	GlobalSection(ProjectConfigurationPlatforms) = postSolution
		{B75D56A6-AB66-42D6-B913-1A53A9B59FA2}.Debug|Any CPU.ActiveCfg = Debug|Any CPU
		{B75D56A6-AB66-42D6-B913-1A53A9B59FA2}.Debug|Any CPU.Build.0 = Debug|Any CPU
		{B75D56A6-AB66-42D6-B913-1A53A9B59FA2}.Release|Any CPU.ActiveCfg = Release|Any CPU
		{B75D56A6-AB66-42D6-B913-1A53A9B59FA2}.Release|Any CPU.Build.0 = Release|Any CPU
	EndGlobalSection
	GlobalSection(SolutionProperties) = preSolution
		HideSolutionNode = FALSE
	EndGlobalSection
	GlobalSection(ExtensibilityGlobals) = postSolution
		SolutionGuid = {0198722F-9E04-4803-B764-EC5155DA9E8A}
	EndGlobalSection
EndGlobal
